// !$*UTF8*$!
{
	archiveVersion = 1;
	classes = {
	};
	objectVersion = 52;
	objects = {

/* Begin PBXBuildFile section */
		2119E5DF25FFB3E600E0C666 /* Assets.xcassets in Resources */ = {isa = PBXBuildFile; fileRef = 21DB1FB225FBC234004E8673 /* Assets.xcassets */; };
		21284DB025FD651C00FC03B9 /* UIColor_Hex_Swift in Frameworks */ = {isa = PBXBuildFile; productRef = 21284DAF25FD651C00FC03B9 /* UIColor_Hex_Swift */; };
		2147FA9825FD699500FCF2C6 /* HypedEventListView.swift in Sources */ = {isa = PBXBuildFile; fileRef = 2147FA9725FD699500FCF2C6 /* HypedEventListView.swift */; };
		2150F3E525FEB29100E48D79 /* WidgetKit.framework in Frameworks */ = {isa = PBXBuildFile; fileRef = 2150F3E425FEB29100E48D79 /* WidgetKit.framework */; };
		2150F3E725FEB29100E48D79 /* SwiftUI.framework in Frameworks */ = {isa = PBXBuildFile; fileRef = 2150F3E625FEB29100E48D79 /* SwiftUI.framework */; };
		2150F3EA25FEB29100E48D79 /* HypedList_iOS_Widget.swift in Sources */ = {isa = PBXBuildFile; fileRef = 2150F3E925FEB29100E48D79 /* HypedList_iOS_Widget.swift */; };
		2150F3EC25FEB29200E48D79 /* Assets.xcassets in Resources */ = {isa = PBXBuildFile; fileRef = 2150F3EB25FEB29200E48D79 /* Assets.xcassets */; };
		2150F3F025FEB29200E48D79 /* HypedList-iOS-WidgetExtension.appex in Embed App Extensions */ = {isa = PBXBuildFile; fileRef = 2150F3E225FEB29100E48D79 /* HypedList-iOS-WidgetExtension.appex */; settings = {ATTRIBUTES = (RemoveHeadersOnCopy, ); }; };
		2150F3F725FEB3FE00E48D79 /* HypedEvent.swift in Sources */ = {isa = PBXBuildFile; fileRef = 21DB1FC825FBDE29004E8673 /* HypedEvent.swift */; };
		2150F3FA25FEB44E00E48D79 /* DataController.swift in Sources */ = {isa = PBXBuildFile; fileRef = 21A957E125FD5F40008AAC15 /* DataController.swift */; };
		2150F3FE25FEB48300E48D79 /* SwiftDate in Frameworks */ = {isa = PBXBuildFile; productRef = 2150F3FD25FEB48300E48D79 /* SwiftDate */; };
		2150F40025FEB48900E48D79 /* UIColor_Hex_Swift in Frameworks */ = {isa = PBXBuildFile; productRef = 2150F3FF25FEB48900E48D79 /* UIColor_Hex_Swift */; };
		216A4FAC25FD99420052D335 /* PastView.swift in Sources */ = {isa = PBXBuildFile; fileRef = 216A4FAB25FD99420052D335 /* PastView.swift */; };
		216A4FAF25FDA7190052D335 /* DiscoverView.swift in Sources */ = {isa = PBXBuildFile; fileRef = 216A4FAE25FDA7190052D335 /* DiscoverView.swift */; };
		216A4FB325FDA95C0052D335 /* HypedEventDetailView.swift in Sources */ = {isa = PBXBuildFile; fileRef = 216A4FB225FDA95C0052D335 /* HypedEventDetailView.swift */; };
		21A957DF25FD5405008AAC15 /* SwiftDate in Frameworks */ = {isa = PBXBuildFile; productRef = 21A957DE25FD5405008AAC15 /* SwiftDate */; };
		21A957E225FD5F40008AAC15 /* DataController.swift in Sources */ = {isa = PBXBuildFile; fileRef = 21A957E125FD5F40008AAC15 /* DataController.swift */; };
		21DB1FAF25FBC233004E8673 /* HypedListApp.swift in Sources */ = {isa = PBXBuildFile; fileRef = 21DB1FAE25FBC233004E8673 /* HypedListApp.swift */; };
		21DB1FB125FBC233004E8673 /* HypedListTabView.swift in Sources */ = {isa = PBXBuildFile; fileRef = 21DB1FB025FBC233004E8673 /* HypedListTabView.swift */; };
		21DB1FB325FBC234004E8673 /* Assets.xcassets in Resources */ = {isa = PBXBuildFile; fileRef = 21DB1FB225FBC234004E8673 /* Assets.xcassets */; };
		21DB1FB625FBC234004E8673 /* Preview Assets.xcassets in Resources */ = {isa = PBXBuildFile; fileRef = 21DB1FB525FBC234004E8673 /* Preview Assets.xcassets */; };
		21DB1FC325FBC3CC004E8673 /* UpcomingView.swift in Sources */ = {isa = PBXBuildFile; fileRef = 21DB1FC225FBC3CC004E8673 /* UpcomingView.swift */; };
		21DB1FC625FBDDE7004E8673 /* CreateHypedEventView.swift in Sources */ = {isa = PBXBuildFile; fileRef = 21DB1FC525FBDDE7004E8673 /* CreateHypedEventView.swift */; };
		21DB1FC925FBDE29004E8673 /* HypedEvent.swift in Sources */ = {isa = PBXBuildFile; fileRef = 21DB1FC825FBDE29004E8673 /* HypedEvent.swift */; };
		21DB1FCD25FBE5DB004E8673 /* ImagePicker.swift in Sources */ = {isa = PBXBuildFile; fileRef = 21DB1FCC25FBE5DB004E8673 /* ImagePicker.swift */; };
		21DB1FD025FC534C004E8673 /* HypedEventTileView.swift in Sources */ = {isa = PBXBuildFile; fileRef = 21DB1FCF25FC534C004E8673 /* HypedEventTileView.swift */; };
/* End PBXBuildFile section */

/* Begin PBXContainerItemProxy section */
		2150F3EE25FEB29200E48D79 /* PBXContainerItemProxy */ = {
			isa = PBXContainerItemProxy;
			containerPortal = 21DB1FA325FBC233004E8673 /* Project object */;
			proxyType = 1;
			remoteGlobalIDString = 2150F3E125FEB29100E48D79;
			remoteInfo = "HypedList-iOS-WidgetExtension";
		};
/* End PBXContainerItemProxy section */

/* Begin PBXCopyFilesBuildPhase section */
		2150F3F425FEB29200E48D79 /* Embed App Extensions */ = {
			isa = PBXCopyFilesBuildPhase;
			buildActionMask = 2147483647;
			dstPath = "";
			dstSubfolderSpec = 13;
			files = (
				2150F3F025FEB29200E48D79 /* HypedList-iOS-WidgetExtension.appex in Embed App Extensions */,
			);
			name = "Embed App Extensions";
			runOnlyForDeploymentPostprocessing = 0;
		};
/* End PBXCopyFilesBuildPhase section */

/* Begin PBXFileReference section */
		2119E5E225FFDD0600E0C666 /* HypedList-iOS.entitlements */ = {isa = PBXFileReference; lastKnownFileType = text.plist.entitlements; path = "HypedList-iOS.entitlements"; sourceTree = "<group>"; };
		2119E5E325FFDD7300E0C666 /* HypedList-iOS-WidgetExtension.entitlements */ = {isa = PBXFileReference; lastKnownFileType = text.plist.entitlements; path = "HypedList-iOS-WidgetExtension.entitlements"; sourceTree = "<group>"; };
		2147FA9725FD699500FCF2C6 /* HypedEventListView.swift */ = {isa = PBXFileReference; lastKnownFileType = sourcecode.swift; path = HypedEventListView.swift; sourceTree = "<group>"; };
		2150F3E225FEB29100E48D79 /* HypedList-iOS-WidgetExtension.appex */ = {isa = PBXFileReference; explicitFileType = "wrapper.app-extension"; includeInIndex = 0; path = "HypedList-iOS-WidgetExtension.appex"; sourceTree = BUILT_PRODUCTS_DIR; };
		2150F3E425FEB29100E48D79 /* WidgetKit.framework */ = {isa = PBXFileReference; lastKnownFileType = wrapper.framework; name = WidgetKit.framework; path = System/Library/Frameworks/WidgetKit.framework; sourceTree = SDKROOT; };
		2150F3E625FEB29100E48D79 /* SwiftUI.framework */ = {isa = PBXFileReference; lastKnownFileType = wrapper.framework; name = SwiftUI.framework; path = System/Library/Frameworks/SwiftUI.framework; sourceTree = SDKROOT; };
		2150F3E925FEB29100E48D79 /* HypedList_iOS_Widget.swift */ = {isa = PBXFileReference; lastKnownFileType = sourcecode.swift; path = HypedList_iOS_Widget.swift; sourceTree = "<group>"; };
		2150F3EB25FEB29200E48D79 /* Assets.xcassets */ = {isa = PBXFileReference; lastKnownFileType = folder.assetcatalog; path = Assets.xcassets; sourceTree = "<group>"; };
		2150F3ED25FEB29200E48D79 /* Info.plist */ = {isa = PBXFileReference; lastKnownFileType = text.plist.xml; path = Info.plist; sourceTree = "<group>"; };
		216A4FAB25FD99420052D335 /* PastView.swift */ = {isa = PBXFileReference; lastKnownFileType = sourcecode.swift; path = PastView.swift; sourceTree = "<group>"; };
		216A4FAE25FDA7190052D335 /* DiscoverView.swift */ = {isa = PBXFileReference; fileEncoding = 4; lastKnownFileType = sourcecode.swift; path = DiscoverView.swift; sourceTree = "<group>"; };
		216A4FB225FDA95C0052D335 /* HypedEventDetailView.swift */ = {isa = PBXFileReference; fileEncoding = 4; lastKnownFileType = sourcecode.swift; path = HypedEventDetailView.swift; sourceTree = "<group>"; };
		21A957E125FD5F40008AAC15 /* DataController.swift */ = {isa = PBXFileReference; lastKnownFileType = sourcecode.swift; path = DataController.swift; sourceTree = "<group>"; };
		21DB1FAB25FBC233004E8673 /* HypedList-iOS.app */ = {isa = PBXFileReference; explicitFileType = wrapper.application; includeInIndex = 0; path = "HypedList-iOS.app"; sourceTree = BUILT_PRODUCTS_DIR; };
		21DB1FAE25FBC233004E8673 /* HypedListApp.swift */ = {isa = PBXFileReference; lastKnownFileType = sourcecode.swift; path = HypedListApp.swift; sourceTree = "<group>"; };
		21DB1FB025FBC233004E8673 /* HypedListTabView.swift */ = {isa = PBXFileReference; lastKnownFileType = sourcecode.swift; path = HypedListTabView.swift; sourceTree = "<group>"; };
		21DB1FB225FBC234004E8673 /* Assets.xcassets */ = {isa = PBXFileReference; lastKnownFileType = folder.assetcatalog; path = Assets.xcassets; sourceTree = "<group>"; };
		21DB1FB525FBC234004E8673 /* Preview Assets.xcassets */ = {isa = PBXFileReference; lastKnownFileType = folder.assetcatalog; path = "Preview Assets.xcassets"; sourceTree = "<group>"; };
		21DB1FB725FBC234004E8673 /* Info.plist */ = {isa = PBXFileReference; lastKnownFileType = text.plist.xml; path = Info.plist; sourceTree = "<group>"; };
		21DB1FC225FBC3CC004E8673 /* UpcomingView.swift */ = {isa = PBXFileReference; lastKnownFileType = sourcecode.swift; path = UpcomingView.swift; sourceTree = "<group>"; };
		21DB1FC525FBDDE7004E8673 /* CreateHypedEventView.swift */ = {isa = PBXFileReference; lastKnownFileType = sourcecode.swift; path = CreateHypedEventView.swift; sourceTree = "<group>"; };
		21DB1FC825FBDE29004E8673 /* HypedEvent.swift */ = {isa = PBXFileReference; lastKnownFileType = sourcecode.swift; path = HypedEvent.swift; sourceTree = "<group>"; };
		21DB1FCC25FBE5DB004E8673 /* ImagePicker.swift */ = {isa = PBXFileReference; lastKnownFileType = sourcecode.swift; path = ImagePicker.swift; sourceTree = "<group>"; };
		21DB1FCF25FC534C004E8673 /* HypedEventTileView.swift */ = {isa = PBXFileReference; lastKnownFileType = sourcecode.swift; path = HypedEventTileView.swift; sourceTree = "<group>"; };
/* End PBXFileReference section */

/* Begin PBXFrameworksBuildPhase section */
		2150F3DF25FEB29100E48D79 /* Frameworks */ = {
			isa = PBXFrameworksBuildPhase;
			buildActionMask = 2147483647;
			files = (
				2150F3E725FEB29100E48D79 /* SwiftUI.framework in Frameworks */,
				2150F3E525FEB29100E48D79 /* WidgetKit.framework in Frameworks */,
				2150F40025FEB48900E48D79 /* UIColor_Hex_Swift in Frameworks */,
				2150F3FE25FEB48300E48D79 /* SwiftDate in Frameworks */,
			);
			runOnlyForDeploymentPostprocessing = 0;
		};
		21DB1FA825FBC233004E8673 /* Frameworks */ = {
			isa = PBXFrameworksBuildPhase;
			buildActionMask = 2147483647;
			files = (
				21284DB025FD651C00FC03B9 /* UIColor_Hex_Swift in Frameworks */,
				21A957DF25FD5405008AAC15 /* SwiftDate in Frameworks */,
			);
			runOnlyForDeploymentPostprocessing = 0;
		};
/* End PBXFrameworksBuildPhase section */

/* Begin PBXGroup section */
		21284DAB25FD62EE00FC03B9 /* Data */ = {
			isa = PBXGroup;
			children = (
				21DB1FC825FBDE29004E8673 /* HypedEvent.swift */,
				21A957E125FD5F40008AAC15 /* DataController.swift */,
			);
			path = Data;
			sourceTree = "<group>";
		};
		21284DAC25FD630000FC03B9 /* Views */ = {
			isa = PBXGroup;
			children = (
				2147FA9725FD699500FCF2C6 /* HypedEventListView.swift */,
				21DB1FC225FBC3CC004E8673 /* UpcomingView.swift */,
				216A4FAE25FDA7190052D335 /* DiscoverView.swift */,
				216A4FAB25FD99420052D335 /* PastView.swift */,
				21DB1FC525FBDDE7004E8673 /* CreateHypedEventView.swift */,
				21DB1FCC25FBE5DB004E8673 /* ImagePicker.swift */,
				21DB1FCF25FC534C004E8673 /* HypedEventTileView.swift */,
				216A4FB225FDA95C0052D335 /* HypedEventDetailView.swift */,
			);
			path = Views;
			sourceTree = "<group>";
		};
		2150F3E325FEB29100E48D79 /* Frameworks */ = {
			isa = PBXGroup;
			children = (
				2150F3E425FEB29100E48D79 /* WidgetKit.framework */,
				2150F3E625FEB29100E48D79 /* SwiftUI.framework */,
			);
			name = Frameworks;
			sourceTree = "<group>";
		};
		2150F3E825FEB29100E48D79 /* HypedList-iOS-Widget */ = {
			isa = PBXGroup;
			children = (
				2150F3E925FEB29100E48D79 /* HypedList_iOS_Widget.swift */,
				2150F3EB25FEB29200E48D79 /* Assets.xcassets */,
				2150F3ED25FEB29200E48D79 /* Info.plist */,
			);
			path = "HypedList-iOS-Widget";
			sourceTree = "<group>";
		};
		21DB1FA225FBC233004E8673 = {
			isa = PBXGroup;
			children = (
				2119E5E325FFDD7300E0C666 /* HypedList-iOS-WidgetExtension.entitlements */,
				2119E5E225FFDD0600E0C666 /* HypedList-iOS.entitlements */,
				21DB1FAD25FBC233004E8673 /* HypedList */,
				2150F3E825FEB29100E48D79 /* HypedList-iOS-Widget */,
				2150F3E325FEB29100E48D79 /* Frameworks */,
				21DB1FAC25FBC233004E8673 /* Products */,
			);
			sourceTree = "<group>";
		};
		21DB1FAC25FBC233004E8673 /* Products */ = {
			isa = PBXGroup;
			children = (
				21DB1FAB25FBC233004E8673 /* HypedList-iOS.app */,
				2150F3E225FEB29100E48D79 /* HypedList-iOS-WidgetExtension.appex */,
			);
			name = Products;
			sourceTree = "<group>";
		};
		21DB1FAD25FBC233004E8673 /* HypedList */ = {
			isa = PBXGroup;
			children = (
				21DB1FAE25FBC233004E8673 /* HypedListApp.swift */,
				21DB1FB025FBC233004E8673 /* HypedListTabView.swift */,
				21284DAC25FD630000FC03B9 /* Views */,
				21284DAB25FD62EE00FC03B9 /* Data */,
				21DB1FB225FBC234004E8673 /* Assets.xcassets */,
				21DB1FB725FBC234004E8673 /* Info.plist */,
				21DB1FB425FBC234004E8673 /* Preview Content */,
			);
			path = HypedList;
			sourceTree = "<group>";
		};
		21DB1FB425FBC234004E8673 /* Preview Content */ = {
			isa = PBXGroup;
			children = (
				21DB1FB525FBC234004E8673 /* Preview Assets.xcassets */,
			);
			path = "Preview Content";
			sourceTree = "<group>";
		};
/* End PBXGroup section */

/* Begin PBXNativeTarget section */
		2150F3E125FEB29100E48D79 /* HypedList-iOS-WidgetExtension */ = {
			isa = PBXNativeTarget;
			buildConfigurationList = 2150F3F125FEB29200E48D79 /* Build configuration list for PBXNativeTarget "HypedList-iOS-WidgetExtension" */;
			buildPhases = (
				2150F3DE25FEB29100E48D79 /* Sources */,
				2150F3DF25FEB29100E48D79 /* Frameworks */,
				2150F3E025FEB29100E48D79 /* Resources */,
			);
			buildRules = (
			);
			dependencies = (
			);
			name = "HypedList-iOS-WidgetExtension";
			packageProductDependencies = (
				2150F3FD25FEB48300E48D79 /* SwiftDate */,
				2150F3FF25FEB48900E48D79 /* UIColor_Hex_Swift */,
			);
			productName = "HypedList-iOS-WidgetExtension";
			productReference = 2150F3E225FEB29100E48D79 /* HypedList-iOS-WidgetExtension.appex */;
			productType = "com.apple.product-type.app-extension";
		};
		21DB1FAA25FBC233004E8673 /* HypedList-iOS */ = {
			isa = PBXNativeTarget;
			buildConfigurationList = 21DB1FBA25FBC234004E8673 /* Build configuration list for PBXNativeTarget "HypedList-iOS" */;
			buildPhases = (
				21DB1FA725FBC233004E8673 /* Sources */,
				21DB1FA825FBC233004E8673 /* Frameworks */,
				21DB1FA925FBC233004E8673 /* Resources */,
				2150F3F425FEB29200E48D79 /* Embed App Extensions */,
			);
			buildRules = (
			);
			dependencies = (
				2150F3EF25FEB29200E48D79 /* PBXTargetDependency */,
			);
			name = "HypedList-iOS";
			packageProductDependencies = (
				21A957DE25FD5405008AAC15 /* SwiftDate */,
				21284DAF25FD651C00FC03B9 /* UIColor_Hex_Swift */,
			);
			productName = HypedList;
			productReference = 21DB1FAB25FBC233004E8673 /* HypedList-iOS.app */;
			productType = "com.apple.product-type.application";
		};
/* End PBXNativeTarget section */

/* Begin PBXProject section */
		21DB1FA325FBC233004E8673 /* Project object */ = {
			isa = PBXProject;
			attributes = {
				LastSwiftUpdateCheck = 1240;
				LastUpgradeCheck = 1240;
				TargetAttributes = {
					2150F3E125FEB29100E48D79 = {
						CreatedOnToolsVersion = 12.4;
					};
					21DB1FAA25FBC233004E8673 = {
						CreatedOnToolsVersion = 12.4;
					};
				};
			};
			buildConfigurationList = 21DB1FA625FBC233004E8673 /* Build configuration list for PBXProject "HypedList" */;
			compatibilityVersion = "Xcode 9.3";
			developmentRegion = en;
			hasScannedForEncodings = 0;
			knownRegions = (
				en,
				Base,
			);
			mainGroup = 21DB1FA225FBC233004E8673;
			packageReferences = (
				21A957DD25FD5405008AAC15 /* XCRemoteSwiftPackageReference "SwiftDate" */,
				21284DAE25FD651C00FC03B9 /* XCRemoteSwiftPackageReference "UIColor-Hex-Swift" */,
			);
			productRefGroup = 21DB1FAC25FBC233004E8673 /* Products */;
			projectDirPath = "";
			projectRoot = "";
			targets = (
				21DB1FAA25FBC233004E8673 /* HypedList-iOS */,
				2150F3E125FEB29100E48D79 /* HypedList-iOS-WidgetExtension */,
			);
		};
/* End PBXProject section */

/* Begin PBXResourcesBuildPhase section */
		2150F3E025FEB29100E48D79 /* Resources */ = {
			isa = PBXResourcesBuildPhase;
			buildActionMask = 2147483647;
			files = (
				2119E5DF25FFB3E600E0C666 /* Assets.xcassets in Resources */,
				2150F3EC25FEB29200E48D79 /* Assets.xcassets in Resources */,
			);
			runOnlyForDeploymentPostprocessing = 0;
		};
		21DB1FA925FBC233004E8673 /* Resources */ = {
			isa = PBXResourcesBuildPhase;
			buildActionMask = 2147483647;
			files = (
				21DB1FB625FBC234004E8673 /* Preview Assets.xcassets in Resources */,
				21DB1FB325FBC234004E8673 /* Assets.xcassets in Resources */,
			);
			runOnlyForDeploymentPostprocessing = 0;
		};
/* End PBXResourcesBuildPhase section */

/* Begin PBXSourcesBuildPhase section */
		2150F3DE25FEB29100E48D79 /* Sources */ = {
			isa = PBXSourcesBuildPhase;
			buildActionMask = 2147483647;
			files = (
				2150F3EA25FEB29100E48D79 /* HypedList_iOS_Widget.swift in Sources */,
				2150F3FA25FEB44E00E48D79 /* DataController.swift in Sources */,
				2150F3F725FEB3FE00E48D79 /* HypedEvent.swift in Sources */,
			);
			runOnlyForDeploymentPostprocessing = 0;
		};
		21DB1FA725FBC233004E8673 /* Sources */ = {
			isa = PBXSourcesBuildPhase;
			buildActionMask = 2147483647;
			files = (
				21DB1FD025FC534C004E8673 /* HypedEventTileView.swift in Sources */,
				21DB1FC625FBDDE7004E8673 /* CreateHypedEventView.swift in Sources */,
				216A4FAF25FDA7190052D335 /* DiscoverView.swift in Sources */,
				216A4FB325FDA95C0052D335 /* HypedEventDetailView.swift in Sources */,
				21DB1FC925FBDE29004E8673 /* HypedEvent.swift in Sources */,
				21DB1FB125FBC233004E8673 /* HypedListTabView.swift in Sources */,
				216A4FAC25FD99420052D335 /* PastView.swift in Sources */,
				21DB1FCD25FBE5DB004E8673 /* ImagePicker.swift in Sources */,
				21A957E225FD5F40008AAC15 /* DataController.swift in Sources */,
				21DB1FAF25FBC233004E8673 /* HypedListApp.swift in Sources */,
				21DB1FC325FBC3CC004E8673 /* UpcomingView.swift in Sources */,
				2147FA9825FD699500FCF2C6 /* HypedEventListView.swift in Sources */,
			);
			runOnlyForDeploymentPostprocessing = 0;
		};
/* End PBXSourcesBuildPhase section */

/* Begin PBXTargetDependency section */
		2150F3EF25FEB29200E48D79 /* PBXTargetDependency */ = {
			isa = PBXTargetDependency;
			target = 2150F3E125FEB29100E48D79 /* HypedList-iOS-WidgetExtension */;
			targetProxy = 2150F3EE25FEB29200E48D79 /* PBXContainerItemProxy */;
		};
/* End PBXTargetDependency section */

/* Begin XCBuildConfiguration section */
		2150F3F225FEB29200E48D79 /* Debug */ = {
			isa = XCBuildConfiguration;
			buildSettings = {
				ASSETCATALOG_COMPILER_GLOBAL_ACCENT_COLOR_NAME = AccentColor;
				ASSETCATALOG_COMPILER_WIDGET_BACKGROUND_COLOR_NAME = WidgetBackground;
				CODE_SIGN_ENTITLEMENTS = "HypedList-iOS-WidgetExtension.entitlements";
				CODE_SIGN_STYLE = Automatic;
				DEVELOPMENT_TEAM = 45E7KT68K8;
				INFOPLIST_FILE = "HypedList-iOS-Widget/Info.plist";
				LD_RUNPATH_SEARCH_PATHS = (
					"$(inherited)",
					"@executable_path/Frameworks",
					"@executable_path/../../Frameworks",
				);
				PRODUCT_BUNDLE_IDENTIFIER = "domainxh.HypedList.HypedList-iOS-Widget";
				PRODUCT_NAME = "$(TARGET_NAME)";
				SKIP_INSTALL = YES;
				SWIFT_VERSION = 5.0;
				TARGETED_DEVICE_FAMILY = "1,2";
			};
			name = Debug;
		};
		2150F3F325FEB29200E48D79 /* Release */ = {
			isa = XCBuildConfiguration;
			buildSettings = {
				ASSETCATALOG_COMPILER_GLOBAL_ACCENT_COLOR_NAME = AccentColor;
				ASSETCATALOG_COMPILER_WIDGET_BACKGROUND_COLOR_NAME = WidgetBackground;
				CODE_SIGN_ENTITLEMENTS = "HypedList-iOS-WidgetExtension.entitlements";
				CODE_SIGN_STYLE = Automatic;
				DEVELOPMENT_TEAM = 45E7KT68K8;
				INFOPLIST_FILE = "HypedList-iOS-Widget/Info.plist";
				LD_RUNPATH_SEARCH_PATHS = (
					"$(inherited)",
					"@executable_path/Frameworks",
					"@executable_path/../../Frameworks",
				);
				PRODUCT_BUNDLE_IDENTIFIER = "domainxh.HypedList.HypedList-iOS-Widget";
				PRODUCT_NAME = "$(TARGET_NAME)";
				SKIP_INSTALL = YES;
				SWIFT_VERSION = 5.0;
				TARGETED_DEVICE_FAMILY = "1,2";
			};
			name = Release;
		};
		21DB1FB825FBC234004E8673 /* Debug */ = {
			isa = XCBuildConfiguration;
			buildSettings = {
				ALWAYS_SEARCH_USER_PATHS = NO;
				CLANG_ANALYZER_NONNULL = YES;
				CLANG_ANALYZER_NUMBER_OBJECT_CONVERSION = YES_AGGRESSIVE;
				CLANG_CXX_LANGUAGE_STANDARD = "gnu++14";
				CLANG_CXX_LIBRARY = "libc++";
				CLANG_ENABLE_MODULES = YES;
				CLANG_ENABLE_OBJC_ARC = YES;
				CLANG_ENABLE_OBJC_WEAK = YES;
				CLANG_WARN_BLOCK_CAPTURE_AUTORELEASING = YES;
				CLANG_WARN_BOOL_CONVERSION = YES;
				CLANG_WARN_COMMA = YES;
				CLANG_WARN_CONSTANT_CONVERSION = YES;
				CLANG_WARN_DEPRECATED_OBJC_IMPLEMENTATIONS = YES;
				CLANG_WARN_DIRECT_OBJC_ISA_USAGE = YES_ERROR;
				CLANG_WARN_DOCUMENTATION_COMMENTS = YES;
				CLANG_WARN_EMPTY_BODY = YES;
				CLANG_WARN_ENUM_CONVERSION = YES;
				CLANG_WARN_INFINITE_RECURSION = YES;
				CLANG_WARN_INT_CONVERSION = YES;
				CLANG_WARN_NON_LITERAL_NULL_CONVERSION = YES;
				CLANG_WARN_OBJC_IMPLICIT_RETAIN_SELF = YES;
				CLANG_WARN_OBJC_LITERAL_CONVERSION = YES;
				CLANG_WARN_OBJC_ROOT_CLASS = YES_ERROR;
				CLANG_WARN_QUOTED_INCLUDE_IN_FRAMEWORK_HEADER = YES;
				CLANG_WARN_RANGE_LOOP_ANALYSIS = YES;
				CLANG_WARN_STRICT_PROTOTYPES = YES;
				CLANG_WARN_SUSPICIOUS_MOVE = YES;
				CLANG_WARN_UNGUARDED_AVAILABILITY = YES_AGGRESSIVE;
				CLANG_WARN_UNREACHABLE_CODE = YES;
				CLANG_WARN__DUPLICATE_METHOD_MATCH = YES;
				COPY_PHASE_STRIP = NO;
				DEBUG_INFORMATION_FORMAT = dwarf;
				ENABLE_STRICT_OBJC_MSGSEND = YES;
				ENABLE_TESTABILITY = YES;
				GCC_C_LANGUAGE_STANDARD = gnu11;
				GCC_DYNAMIC_NO_PIC = NO;
				GCC_NO_COMMON_BLOCKS = YES;
				GCC_OPTIMIZATION_LEVEL = 0;
				GCC_PREPROCESSOR_DEFINITIONS = (
					"DEBUG=1",
					"$(inherited)",
				);
				GCC_WARN_64_TO_32_BIT_CONVERSION = YES;
				GCC_WARN_ABOUT_RETURN_TYPE = YES_ERROR;
				GCC_WARN_UNDECLARED_SELECTOR = YES;
				GCC_WARN_UNINITIALIZED_AUTOS = YES_AGGRESSIVE;
				GCC_WARN_UNUSED_FUNCTION = YES;
				GCC_WARN_UNUSED_VARIABLE = YES;
				IPHONEOS_DEPLOYMENT_TARGET = 14.4;
				MTL_ENABLE_DEBUG_INFO = INCLUDE_SOURCE;
				MTL_FAST_MATH = YES;
				ONLY_ACTIVE_ARCH = YES;
				SDKROOT = iphoneos;
				SWIFT_ACTIVE_COMPILATION_CONDITIONS = DEBUG;
				SWIFT_OPTIMIZATION_LEVEL = "-Onone";
			};
			name = Debug;
		};
		21DB1FB925FBC234004E8673 /* Release */ = {
			isa = XCBuildConfiguration;
			buildSettings = {
				ALWAYS_SEARCH_USER_PATHS = NO;
				CLANG_ANALYZER_NONNULL = YES;
				CLANG_ANALYZER_NUMBER_OBJECT_CONVERSION = YES_AGGRESSIVE;
				CLANG_CXX_LANGUAGE_STANDARD = "gnu++14";
				CLANG_CXX_LIBRARY = "libc++";
				CLANG_ENABLE_MODULES = YES;
				CLANG_ENABLE_OBJC_ARC = YES;
				CLANG_ENABLE_OBJC_WEAK = YES;
				CLANG_WARN_BLOCK_CAPTURE_AUTORELEASING = YES;
				CLANG_WARN_BOOL_CONVERSION = YES;
				CLANG_WARN_COMMA = YES;
				CLANG_WARN_CONSTANT_CONVERSION = YES;
				CLANG_WARN_DEPRECATED_OBJC_IMPLEMENTATIONS = YES;
				CLANG_WARN_DIRECT_OBJC_ISA_USAGE = YES_ERROR;
				CLANG_WARN_DOCUMENTATION_COMMENTS = YES;
				CLANG_WARN_EMPTY_BODY = YES;
				CLANG_WARN_ENUM_CONVERSION = YES;
				CLANG_WARN_INFINITE_RECURSION = YES;
				CLANG_WARN_INT_CONVERSION = YES;
				CLANG_WARN_NON_LITERAL_NULL_CONVERSION = YES;
				CLANG_WARN_OBJC_IMPLICIT_RETAIN_SELF = YES;
				CLANG_WARN_OBJC_LITERAL_CONVERSION = YES;
				CLANG_WARN_OBJC_ROOT_CLASS = YES_ERROR;
				CLANG_WARN_QUOTED_INCLUDE_IN_FRAMEWORK_HEADER = YES;
				CLANG_WARN_RANGE_LOOP_ANALYSIS = YES;
				CLANG_WARN_STRICT_PROTOTYPES = YES;
				CLANG_WARN_SUSPICIOUS_MOVE = YES;
				CLANG_WARN_UNGUARDED_AVAILABILITY = YES_AGGRESSIVE;
				CLANG_WARN_UNREACHABLE_CODE = YES;
				CLANG_WARN__DUPLICATE_METHOD_MATCH = YES;
				COPY_PHASE_STRIP = NO;
				DEBUG_INFORMATION_FORMAT = "dwarf-with-dsym";
				ENABLE_NS_ASSERTIONS = NO;
				ENABLE_STRICT_OBJC_MSGSEND = YES;
				GCC_C_LANGUAGE_STANDARD = gnu11;
				GCC_NO_COMMON_BLOCKS = YES;
				GCC_WARN_64_TO_32_BIT_CONVERSION = YES;
				GCC_WARN_ABOUT_RETURN_TYPE = YES_ERROR;
				GCC_WARN_UNDECLARED_SELECTOR = YES;
				GCC_WARN_UNINITIALIZED_AUTOS = YES_AGGRESSIVE;
				GCC_WARN_UNUSED_FUNCTION = YES;
				GCC_WARN_UNUSED_VARIABLE = YES;
				IPHONEOS_DEPLOYMENT_TARGET = 14.4;
				MTL_ENABLE_DEBUG_INFO = NO;
				MTL_FAST_MATH = YES;
				SDKROOT = iphoneos;
				SWIFT_COMPILATION_MODE = wholemodule;
				SWIFT_OPTIMIZATION_LEVEL = "-O";
				VALIDATE_PRODUCT = YES;
			};
			name = Release;
		};
		21DB1FBB25FBC234004E8673 /* Debug */ = {
			isa = XCBuildConfiguration;
			buildSettings = {
				ALWAYS_EMBED_SWIFT_STANDARD_LIBRARIES = YES;
				ASSETCATALOG_COMPILER_APPICON_NAME = AppIcon;
				ASSETCATALOG_COMPILER_GLOBAL_ACCENT_COLOR_NAME = AccentColor;
				CODE_SIGN_ENTITLEMENTS = "HypedList-iOS.entitlements";
				CODE_SIGN_STYLE = Automatic;
				DEVELOPMENT_ASSET_PATHS = "\"HypedList/Preview Content\"";
				DEVELOPMENT_TEAM = 45E7KT68K8;
				ENABLE_PREVIEWS = YES;
				INFOPLIST_FILE = HypedList/Info.plist;
				IPHONEOS_DEPLOYMENT_TARGET = 14.0;
				LD_RUNPATH_SEARCH_PATHS = (
					"$(inherited)",
					"@executable_path/Frameworks",
				);
				PRODUCT_BUNDLE_IDENTIFIER = domainxh.HypedList;
				PRODUCT_NAME = "$(TARGET_NAME)";
				SWIFT_VERSION = 5.0;
				TARGETED_DEVICE_FAMILY = "1,2";
			};
			name = Debug;
		};
		21DB1FBC25FBC234004E8673 /* Release */ = {
			isa = XCBuildConfiguration;
			buildSettings = {
				ALWAYS_EMBED_SWIFT_STANDARD_LIBRARIES = YES;
				ASSETCATALOG_COMPILER_APPICON_NAME = AppIcon;
				ASSETCATALOG_COMPILER_GLOBAL_ACCENT_COLOR_NAME = AccentColor;
				CODE_SIGN_ENTITLEMENTS = "HypedList-iOS.entitlements";
				CODE_SIGN_STYLE = Automatic;
				DEVELOPMENT_ASSET_PATHS = "\"HypedList/Preview Content\"";
				DEVELOPMENT_TEAM = 45E7KT68K8;
				ENABLE_PREVIEWS = YES;
				INFOPLIST_FILE = HypedList/Info.plist;
				IPHONEOS_DEPLOYMENT_TARGET = 14.0;
				LD_RUNPATH_SEARCH_PATHS = (
					"$(inherited)",
					"@executable_path/Frameworks",
				);
				PRODUCT_BUNDLE_IDENTIFIER = domainxh.HypedList;
				PRODUCT_NAME = "$(TARGET_NAME)";
				SWIFT_VERSION = 5.0;
				TARGETED_DEVICE_FAMILY = "1,2";
			};
			name = Release;
		};
/* End XCBuildConfiguration section */

/* Begin XCConfigurationList section */
		2150F3F125FEB29200E48D79 /* Build configuration list for PBXNativeTarget "HypedList-iOS-WidgetExtension" */ = {
			isa = XCConfigurationList;
			buildConfigurations = (
				2150F3F225FEB29200E48D79 /* Debug */,
				2150F3F325FEB29200E48D79 /* Release */,
			);
			defaultConfigurationIsVisible = 0;
			defaultConfigurationName = Release;
		};
		21DB1FA625FBC233004E8673 /* Build configuration list for PBXProject "HypedList" */ = {
			isa = XCConfigurationList;
			buildConfigurations = (
				21DB1FB825FBC234004E8673 /* Debug */,
				21DB1FB925FBC234004E8673 /* Release */,
			);
			defaultConfigurationIsVisible = 0;
			defaultConfigurationName = Release;
		};
		21DB1FBA25FBC234004E8673 /* Build configuration list for PBXNativeTarget "HypedList-iOS" */ = {
			isa = XCConfigurationList;
			buildConfigurations = (
				21DB1FBB25FBC234004E8673 /* Debug */,
				21DB1FBC25FBC234004E8673 /* Release */,
			);
			defaultConfigurationIsVisible = 0;
			defaultConfigurationName = Release;
		};
/* End XCConfigurationList section */

/* Begin XCRemoteSwiftPackageReference section */
		21284DAE25FD651C00FC03B9 /* XCRemoteSwiftPackageReference "UIColor-Hex-Swift" */ = {
			isa = XCRemoteSwiftPackageReference;
			repositoryURL = "https://github.com/yeahdongcn/UIColor-Hex-Swift";
			requirement = {
				kind = upToNextMajorVersion;
				minimumVersion = 5.1.1;
			};
		};
		21A957DD25FD5405008AAC15 /* XCRemoteSwiftPackageReference "SwiftDate" */ = {
			isa = XCRemoteSwiftPackageReference;
			repositoryURL = "https://github.com/malcommac/SwiftDate";
			requirement = {
				kind = upToNextMajorVersion;
				minimumVersion = 6.3.1;
			};
		};
/* End XCRemoteSwiftPackageReference section */

/* Begin XCSwiftPackageProductDependency section */
		21284DAF25FD651C00FC03B9 /* UIColor_Hex_Swift */ = {
			isa = XCSwiftPackageProductDependency;
			package = 21284DAE25FD651C00FC03B9 /* XCRemoteSwiftPackageReference "UIColor-Hex-Swift" */;
			productName = UIColor_Hex_Swift;
		};
		2150F3FD25FEB48300E48D79 /* SwiftDate */ = {
			isa = XCSwiftPackageProductDependency;
			package = 21A957DD25FD5405008AAC15 /* XCRemoteSwiftPackageReference "SwiftDate" */;
			productName = SwiftDate;
		};
		2150F3FF25FEB48900E48D79 /* UIColor_Hex_Swift */ = {
			isa = XCSwiftPackageProductDependency;
			package = 21284DAE25FD651C00FC03B9 /* XCRemoteSwiftPackageReference "UIColor-Hex-Swift" */;
			productName = UIColor_Hex_Swift;
		};
		21A957DE25FD5405008AAC15 /* SwiftDate */ = {
			isa = XCSwiftPackageProductDependency;
			package = 21A957DD25FD5405008AAC15 /* XCRemoteSwiftPackageReference "SwiftDate" */;
			productName = SwiftDate;
		};
/* End XCSwiftPackageProductDependency section */
	};
	rootObject = 21DB1FA325FBC233004E8673 /* Project object */;
}
